
Microsoft Visual Studio Solution File, Format Version 12.00
# Visual Studio Version 17
VisualStudioVersion = 17.14.36518.9 d17.14
MinimumVisualStudioVersion = 10.0.40219.1
Project("{FAE04EC0-301F-11D3-BF4B-00C04F79EFBC}") = "webshop_barbie", "webshop_barbie\webshop_barbie.csproj", "{312E5608-B761-4373-98EA-CB71083A19F8}"
EndProject
Global
	GlobalSection(SolutionConfigurationPlatforms) = preSolution
		Debug|Any CPU = Debug|Any CPU
		Release|Any CPU = Release|Any CPU
	EndGlobalSection
	GlobalSection(ProjectConfigurationPlatforms) = postSolution
		{312E5608-B761-4373-98EA-CB71083A19F8}.Debug|Any CPU.ActiveCfg = Debug|Any CPU
		{312E5608-B761-4373-98EA-CB71083A19F8}.Debug|Any CPU.Build.0 = Debug|Any CPU
		{312E5608-B761-4373-98EA-CB71083A19F8}.Release|Any CPU.ActiveCfg = Release|Any CPU
		{312E5608-B761-4373-98EA-CB71083A19F8}.Release|Any CPU.Build.0 = Release|Any CPU
	EndGlobalSection
	GlobalSection(SolutionProperties) = preSolution
		HideSolutionNode = FALSE
	EndGlobalSection
	GlobalSection(ExtensibilityGlobals) = postSolution
		SolutionGuid = {A75209C6-7083-4DAE-8D2F-768E14D62491}
	EndGlobalSection
EndGlobal
